{
  "name": "pesquisa-raquel",
  "version": "1.0.0",
  "lockfileVersion": 1,
  "requires": true,
  "dependencies": {
    "@types/jquery": {
      "version": "3.2.18",
      "resolved": "https://registry.npmjs.org/@types/jquery/-/jquery-3.2.18.tgz",
      "integrity": "sha512-8dsVAEAbK73GBbQjXUEBhaCXX6A+gEp7+bM7CI7n/850ES6NFObYvJID2F4mGAahLUosKHiJI1QkLS8bV+9VGA==",
      "dev": true
    }
  }
}
